
Microsoft Visual Studio Solution File, Format Version 12.00
Project("{FAE04EC0-301F-11D3-BF4B-00C04F79EFBC}") = "SahneeBot", "SahneeBot\SahneeBot.csproj", "{3621ED06-D383-429B-908F-FF14CAED0D91}"
EndProject
Project("{FAE04EC0-301F-11D3-BF4B-00C04F79EFBC}") = "SahneeBotController", "SahneeBotController\SahneeBotController.csproj", "{5CBD2DB7-22C6-46BC-83D2-8CB5A4F4B517}"
EndProject
Project("{FAE04EC0-301F-11D3-BF4B-00C04F79EFBC}") = "SahneeBotModel", "SahneeBotModel\SahneeBotModel.csproj", "{CF78B382-088B-4D31-9E03-E7250D834CCA}"
EndProject
Global
	GlobalSection(SolutionConfigurationPlatforms) = preSolution
		Debug|Any CPU = Debug|Any CPU
		Release|Any CPU = Release|Any CPU
	EndGlobalSection
	GlobalSection(ProjectConfigurationPlatforms) = postSolution
		{3621ED06-D383-429B-908F-FF14CAED0D91}.Debug|Any CPU.ActiveCfg = Debug|Any CPU
		{3621ED06-D383-429B-908F-FF14CAED0D91}.Debug|Any CPU.Build.0 = Debug|Any CPU
		{3621ED06-D383-429B-908F-FF14CAED0D91}.Release|Any CPU.ActiveCfg = Release|Any CPU
		{3621ED06-D383-429B-908F-FF14CAED0D91}.Release|Any CPU.Build.0 = Release|Any CPU
		{5CBD2DB7-22C6-46BC-83D2-8CB5A4F4B517}.Debug|Any CPU.ActiveCfg = Debug|Any CPU
		{5CBD2DB7-22C6-46BC-83D2-8CB5A4F4B517}.Debug|Any CPU.Build.0 = Debug|Any CPU
		{5CBD2DB7-22C6-46BC-83D2-8CB5A4F4B517}.Release|Any CPU.ActiveCfg = Release|Any CPU
		{5CBD2DB7-22C6-46BC-83D2-8CB5A4F4B517}.Release|Any CPU.Build.0 = Release|Any CPU
		{CF78B382-088B-4D31-9E03-E7250D834CCA}.Debug|Any CPU.ActiveCfg = Debug|Any CPU
		{CF78B382-088B-4D31-9E03-E7250D834CCA}.Debug|Any CPU.Build.0 = Debug|Any CPU
		{CF78B382-088B-4D31-9E03-E7250D834CCA}.Release|Any CPU.ActiveCfg = Release|Any CPU
		{CF78B382-088B-4D31-9E03-E7250D834CCA}.Release|Any CPU.Build.0 = Release|Any CPU
	EndGlobalSection
EndGlobal
